
Microsoft Visual Studio Solution File, Format Version 12.00
# Visual Studio Version 16
VisualStudioVersion = 16.0.29911.84
MinimumVisualStudioVersion = 10.0.40219.1
Project("{FAE04EC0-301F-11D3-BF4B-00C04F79EFBC}") = "NTT.PlugIn.UpdateAddress", "NTT.PlugIn.UpdateAddress\NTT.PlugIn.UpdateAddress.csproj", "{F5309130-A830-4853-A612-E434E1740C69}"
EndProject
Project("{FAE04EC0-301F-11D3-BF4B-00C04F79EFBC}") = "NTT.Plugin.UnitTest", "NTT.Plugin.UnitTest\NTT.Plugin.UnitTest.csproj", "{018BF4D0-511A-4D6F-A3CB-763CC9E5CAB8}"
EndProject
Global
	GlobalSection(SolutionConfigurationPlatforms) = preSolution
		Debug|Any CPU = Debug|Any CPU
		Release|Any CPU = Release|Any CPU
	EndGlobalSection
	GlobalSection(ProjectConfigurationPlatforms) = postSolution
		{F5309130-A830-4853-A612-E434E1740C69}.Debug|Any CPU.ActiveCfg = Debug|Any CPU
		{F5309130-A830-4853-A612-E434E1740C69}.Debug|Any CPU.Build.0 = Debug|Any CPU
		{F5309130-A830-4853-A612-E434E1740C69}.Release|Any CPU.ActiveCfg = Release|Any CPU
		{F5309130-A830-4853-A612-E434E1740C69}.Release|Any CPU.Build.0 = Release|Any CPU
		{018BF4D0-511A-4D6F-A3CB-763CC9E5CAB8}.Debug|Any CPU.ActiveCfg = Debug|Any CPU
		{018BF4D0-511A-4D6F-A3CB-763CC9E5CAB8}.Debug|Any CPU.Build.0 = Debug|Any CPU
		{018BF4D0-511A-4D6F-A3CB-763CC9E5CAB8}.Release|Any CPU.ActiveCfg = Release|Any CPU
		{018BF4D0-511A-4D6F-A3CB-763CC9E5CAB8}.Release|Any CPU.Build.0 = Release|Any CPU
	EndGlobalSection
	GlobalSection(SolutionProperties) = preSolution
		HideSolutionNode = FALSE
	EndGlobalSection
	GlobalSection(ExtensibilityGlobals) = postSolution
		SolutionGuid = {B6F34A29-4BD3-49BB-A5A7-321C194A23DE}
	EndGlobalSection
EndGlobal
